{
  "name": "yivi-demo-pages",
  "version": "0.1.0",
  "lockfileVersion": 3,
  "requires": true,
  "packages": {
    "": {
      "name": "yivi-demo-pages",
      "version": "0.1.0",
      "license": "MIT",
      "dependencies": {
        "@privacybydesign/yivi-frontend": "^1.0.3"
      }
    },
    "node_modules/@privacybydesign/yivi-css": {
      "version": "1.0.1",
      "resolved": "https://registry.npmjs.org/@privacybydesign/yivi-css/-/yivi-css-1.0.1.tgz",
      "integrity": "sha512-4cN1cSrgmbm5+syhgFOMV0zW0jJMED1WD0vAGlYKrEhf4vMWIZCE0pwFjRwRDlR+Qgy6fNtgW27Qt8EyF0pkfg==",
      "license": "SEE LICENSE IN REPOSITORY"
    },
    "node_modules/@privacybydesign/yivi-frontend": {
      "version": "1.0.3",
      "resolved": "https://registry.npmjs.org/@privacybydesign/yivi-frontend/-/yivi-frontend-1.0.3.tgz",
      "integrity": "sha512-dFjULxE4U5RCit1j6Rh5NdbvgH0bwvr8V9mzz48dtpHXuxDLA0U1CFIz47+v/HIXnlWfFIAO6qpyElpmQUHiMQ==",
      "license": "SEE LICENSE IN REPOSITORY",
      "dependencies": {
        "@privacybydesign/yivi-css": "1.0.1"
      }
    }
  }
}
