# THIS IS AN AUTOGENERATED FILE. DO NOT EDIT THIS FILE DIRECTLY.
# yarn lockfile v1


"@privacybydesign/yivi-css@1.0.1":
  version "1.0.1"
  resolved "https://registry.npmjs.org/@privacybydesign/yivi-css/-/yivi-css-1.0.1.tgz"
  integrity sha512-4cN1cSrgmbm5+syhgFOMV0zW0jJMED1WD0vAGlYKrEhf4vMWIZCE0pwFjRwRDlR+Qgy6fNtgW27Qt8EyF0pkfg==

"@privacybydesign/yivi-frontend@^1.0.3":
  version "1.0.3"
  resolved "https://registry.npmjs.org/@privacybydesign/yivi-frontend/-/yivi-frontend-1.0.3.tgz"
  integrity sha512-dFjULxE4U5RCit1j6Rh5NdbvgH0bwvr8V9mzz48dtpHXuxDLA0U1CFIz47+v/HIXnlWfFIAO6qpyElpmQUHiMQ==
  dependencies:
    "@privacybydesign/yivi-css" "1.0.1"
